
Microsoft Visual Studio Solution File, Format Version 12.00
# Visual Studio Version 16
VisualStudioVersion = 16.0.30907.101
MinimumVisualStudioVersion = 10.0.40219.1
Project("{FAE04EC0-301F-11D3-BF4B-00C04F79EFBC}") = "apiProject", "apiProject\apiProject.csproj", "{92C8AFAF-EC47-4A59-AC8A-4A351FADD704}"
EndProject
Global
	GlobalSection(SolutionConfigurationPlatforms) = preSolution
		Debug|Any CPU = Debug|Any CPU
		Release|Any CPU = Release|Any CPU
	EndGlobalSection
	GlobalSection(ProjectConfigurationPlatforms) = postSolution
		{92C8AFAF-EC47-4A59-AC8A-4A351FADD704}.Debug|Any CPU.ActiveCfg = Debug|Any CPU
		{92C8AFAF-EC47-4A59-AC8A-4A351FADD704}.Debug|Any CPU.Build.0 = Debug|Any CPU
		{92C8AFAF-EC47-4A59-AC8A-4A351FADD704}.Release|Any CPU.ActiveCfg = Release|Any CPU
		{92C8AFAF-EC47-4A59-AC8A-4A351FADD704}.Release|Any CPU.Build.0 = Release|Any CPU
	EndGlobalSection
	GlobalSection(SolutionProperties) = preSolution
		HideSolutionNode = FALSE
	EndGlobalSection
	GlobalSection(ExtensibilityGlobals) = postSolution
		SolutionGuid = {29EA70F9-2C2C-40FE-BCC3-554D7C89E47A}
	EndGlobalSection
EndGlobal
